// !$*UTF8*$!
{
	archiveVersion = 1;
	classes = {
	};
	objectVersion = 55;
	objects = {

/* Begin PBXBuildFile section */
		AD1BBEDD287AC1630036199A /* TabBarController.swift in Sources */ = {isa = PBXBuildFile; fileRef = AD1BBEDC287AC1630036199A /* TabBarController.swift */; };
		AD1BBEE0287AC5ED0036199A /* Extension + UIView.swift in Sources */ = {isa = PBXBuildFile; fileRef = AD1BBEDF287AC5ED0036199A /* Extension + UIView.swift */; };
		ADD74235287472CC00A23124 /* UserViewController.swift in Sources */ = {isa = PBXBuildFile; fileRef = ADD74234287472CC00A23124 /* UserViewController.swift */; };
		ADD7423C287492F100A23124 /* User.swift in Sources */ = {isa = PBXBuildFile; fileRef = ADD7423B287492F100A23124 /* User.swift */; };
		ADD7423E2875BE1800A23124 /* InfoViewController.swift in Sources */ = {isa = PBXBuildFile; fileRef = ADD7423D2875BE1800A23124 /* InfoViewController.swift */; };
		ADDF896E286F0DA900741A9F /* AppDelegate.swift in Sources */ = {isa = PBXBuildFile; fileRef = ADDF896D286F0DA900741A9F /* AppDelegate.swift */; };
		ADDF8970286F0DA900741A9F /* SceneDelegate.swift in Sources */ = {isa = PBXBuildFile; fileRef = ADDF896F286F0DA900741A9F /* SceneDelegate.swift */; };
		ADDF8972286F0DA900741A9F /* LoginViewController.swift in Sources */ = {isa = PBXBuildFile; fileRef = ADDF8971286F0DA900741A9F /* LoginViewController.swift */; };
		ADDF8975286F0DA900741A9F /* Main.storyboard in Resources */ = {isa = PBXBuildFile; fileRef = ADDF8973286F0DA900741A9F /* Main.storyboard */; };
		ADDF8977286F0DA900741A9F /* Assets.xcassets in Resources */ = {isa = PBXBuildFile; fileRef = ADDF8976286F0DA900741A9F /* Assets.xcassets */; };
		ADDF897A286F0DA900741A9F /* LaunchScreen.storyboard in Resources */ = {isa = PBXBuildFile; fileRef = ADDF8978286F0DA900741A9F /* LaunchScreen.storyboard */; };
		ADDF8982286F24CD00741A9F /* WelcomViewController.swift in Sources */ = {isa = PBXBuildFile; fileRef = ADDF8981286F24CD00741A9F /* WelcomViewController.swift */; };
/* End PBXBuildFile section */

/* Begin PBXFileReference section */
		AD1BBEDC287AC1630036199A /* TabBarController.swift */ = {isa = PBXFileReference; lastKnownFileType = sourcecode.swift; path = TabBarController.swift; sourceTree = "<group>"; };
		AD1BBEDF287AC5ED0036199A /* Extension + UIView.swift */ = {isa = PBXFileReference; lastKnownFileType = sourcecode.swift; path = "Extension + UIView.swift"; sourceTree = "<group>"; };
		ADD74234287472CC00A23124 /* UserViewController.swift */ = {isa = PBXFileReference; lastKnownFileType = sourcecode.swift; path = UserViewController.swift; sourceTree = "<group>"; };
		ADD7423B287492F100A23124 /* User.swift */ = {isa = PBXFileReference; lastKnownFileType = sourcecode.swift; path = User.swift; sourceTree = "<group>"; };
		ADD7423D2875BE1800A23124 /* InfoViewController.swift */ = {isa = PBXFileReference; lastKnownFileType = sourcecode.swift; path = InfoViewController.swift; sourceTree = "<group>"; };
		ADDF896A286F0DA900741A9F /* Login App.app */ = {isa = PBXFileReference; explicitFileType = wrapper.application; includeInIndex = 0; path = "Login App.app"; sourceTree = BUILT_PRODUCTS_DIR; };
		ADDF896D286F0DA900741A9F /* AppDelegate.swift */ = {isa = PBXFileReference; lastKnownFileType = sourcecode.swift; path = AppDelegate.swift; sourceTree = "<group>"; };
		ADDF896F286F0DA900741A9F /* SceneDelegate.swift */ = {isa = PBXFileReference; lastKnownFileType = sourcecode.swift; path = SceneDelegate.swift; sourceTree = "<group>"; };
		ADDF8971286F0DA900741A9F /* LoginViewController.swift */ = {isa = PBXFileReference; lastKnownFileType = sourcecode.swift; path = LoginViewController.swift; sourceTree = "<group>"; };
		ADDF8974286F0DA900741A9F /* Base */ = {isa = PBXFileReference; lastKnownFileType = file.storyboard; name = Base; path = Base.lproj/Main.storyboard; sourceTree = "<group>"; };
		ADDF8976286F0DA900741A9F /* Assets.xcassets */ = {isa = PBXFileReference; lastKnownFileType = folder.assetcatalog; path = Assets.xcassets; sourceTree = "<group>"; };
		ADDF8979286F0DA900741A9F /* Base */ = {isa = PBXFileReference; lastKnownFileType = file.storyboard; name = Base; path = Base.lproj/LaunchScreen.storyboard; sourceTree = "<group>"; };
		ADDF897B286F0DA900741A9F /* Info.plist */ = {isa = PBXFileReference; lastKnownFileType = text.plist.xml; path = Info.plist; sourceTree = "<group>"; };
		ADDF8981286F24CD00741A9F /* WelcomViewController.swift */ = {isa = PBXFileReference; lastKnownFileType = sourcecode.swift; path = WelcomViewController.swift; sourceTree = "<group>"; };
/* End PBXFileReference section */

/* Begin PBXFrameworksBuildPhase section */
		ADDF8967286F0DA900741A9F /* Frameworks */ = {
			isa = PBXFrameworksBuildPhase;
			buildActionMask = 2147483647;
			files = (
			);
			runOnlyForDeploymentPostprocessing = 0;
		};
/* End PBXFrameworksBuildPhase section */

/* Begin PBXGroup section */
		AD1BBEDE287AC57B0036199A /* Extensions */ = {
			isa = PBXGroup;
			children = (
				AD1BBEDF287AC5ED0036199A /* Extension + UIView.swift */,
			);
			path = Extensions;
			sourceTree = "<group>";
		};
		ADD7423628748DDF00A23124 /* App */ = {
			isa = PBXGroup;
			children = (
				ADDF896D286F0DA900741A9F /* AppDelegate.swift */,
				ADDF896F286F0DA900741A9F /* SceneDelegate.swift */,
				ADDF897B286F0DA900741A9F /* Info.plist */,
			);
			path = App;
			sourceTree = "<group>";
		};
		ADD7423728748F1400A23124 /* ViewControllers */ = {
			isa = PBXGroup;
			children = (
				ADDF8971286F0DA900741A9F /* LoginViewController.swift */,
				ADDF8981286F24CD00741A9F /* WelcomViewController.swift */,
				ADD74234287472CC00A23124 /* UserViewController.swift */,
				ADD7423D2875BE1800A23124 /* InfoViewController.swift */,
				AD1BBEDC287AC1630036199A /* TabBarController.swift */,
			);
			path = ViewControllers;
			sourceTree = "<group>";
		};
		ADD7423828748F4F00A23124 /* Storyboards */ = {
			isa = PBXGroup;
			children = (
				ADDF8973286F0DA900741A9F /* Main.storyboard */,
				ADDF8978286F0DA900741A9F /* LaunchScreen.storyboard */,
			);
			path = Storyboards;
			sourceTree = "<group>";
		};
		ADD7423928748F8400A23124 /* Resources */ = {
			isa = PBXGroup;
			children = (
				ADDF8976286F0DA900741A9F /* Assets.xcassets */,
			);
			path = Resources;
			sourceTree = "<group>";
		};
		ADD7423A2874906300A23124 /* Models */ = {
			isa = PBXGroup;
			children = (
				ADD7423B287492F100A23124 /* User.swift */,
			);
			path = Models;
			sourceTree = "<group>";
		};
		ADDF8961286F0DA900741A9F = {
			isa = PBXGroup;
			children = (
				ADDF896C286F0DA900741A9F /* Login App */,
				ADDF896B286F0DA900741A9F /* Products */,
			);
			sourceTree = "<group>";
		};
		ADDF896B286F0DA900741A9F /* Products */ = {
			isa = PBXGroup;
			children = (
				ADDF896A286F0DA900741A9F /* Login App.app */,
			);
			name = Products;
			sourceTree = "<group>";
		};
		ADDF896C286F0DA900741A9F /* Login App */ = {
			isa = PBXGroup;
			children = (
				AD1BBEDE287AC57B0036199A /* Extensions */,
				ADD7423A2874906300A23124 /* Models */,
				ADD7423728748F1400A23124 /* ViewControllers */,
				ADD7423828748F4F00A23124 /* Storyboards */,
				ADD7423628748DDF00A23124 /* App */,
				ADD7423928748F8400A23124 /* Resources */,
			);
			path = "Login App";
			sourceTree = "<group>";
		};
/* End PBXGroup section */

/* Begin PBXNativeTarget section */
		ADDF8969286F0DA900741A9F /* Login App */ = {
			isa = PBXNativeTarget;
			buildConfigurationList = ADDF897E286F0DA900741A9F /* Build configuration list for PBXNativeTarget "Login App" */;
			buildPhases = (
				ADDF8966286F0DA900741A9F /* Sources */,
				ADDF8967286F0DA900741A9F /* Frameworks */,
				ADDF8968286F0DA900741A9F /* Resources */,
			);
			buildRules = (
			);
			dependencies = (
			);
			name = "Login App";
			productName = "Login App";
			productReference = ADDF896A286F0DA900741A9F /* Login App.app */;
			productType = "com.apple.product-type.application";
		};
/* End PBXNativeTarget section */

/* Begin PBXProject section */
		ADDF8962286F0DA900741A9F /* Project object */ = {
			isa = PBXProject;
			attributes = {
				BuildIndependentTargetsInParallel = 1;
				LastSwiftUpdateCheck = 1340;
				LastUpgradeCheck = 1340;
				TargetAttributes = {
					ADDF8969286F0DA900741A9F = {
						CreatedOnToolsVersion = 13.4.1;
					};
				};
			};
			buildConfigurationList = ADDF8965286F0DA900741A9F /* Build configuration list for PBXProject "Login App" */;
			compatibilityVersion = "Xcode 13.0";
			developmentRegion = en;
			hasScannedForEncodings = 0;
			knownRegions = (
				en,
				Base,
			);
			mainGroup = ADDF8961286F0DA900741A9F;
			productRefGroup = ADDF896B286F0DA900741A9F /* Products */;
			projectDirPath = "";
			projectRoot = "";
			targets = (
				ADDF8969286F0DA900741A9F /* Login App */,
			);
		};
/* End PBXProject section */

/* Begin PBXResourcesBuildPhase section */
		ADDF8968286F0DA900741A9F /* Resources */ = {
			isa = PBXResourcesBuildPhase;
			buildActionMask = 2147483647;
			files = (
				ADDF897A286F0DA900741A9F /* LaunchScreen.storyboard in Resources */,
				ADDF8977286F0DA900741A9F /* Assets.xcassets in Resources */,
				ADDF8975286F0DA900741A9F /* Main.storyboard in Resources */,
			);
			runOnlyForDeploymentPostprocessing = 0;
		};
/* End PBXResourcesBuildPhase section */

/* Begin PBXSourcesBuildPhase section */
		ADDF8966286F0DA900741A9F /* Sources */ = {
			isa = PBXSourcesBuildPhase;
			buildActionMask = 2147483647;
			files = (
				ADDF8982286F24CD00741A9F /* WelcomViewController.swift in Sources */,
				AD1BBEDD287AC1630036199A /* TabBarController.swift in Sources */,
				ADD74235287472CC00A23124 /* UserViewController.swift in Sources */,
				ADD7423C287492F100A23124 /* User.swift in Sources */,
				ADD7423E2875BE1800A23124 /* InfoViewController.swift in Sources */,
				AD1BBEE0287AC5ED0036199A /* Extension + UIView.swift in Sources */,
				ADDF8972286F0DA900741A9F /* LoginViewController.swift in Sources */,
				ADDF896E286F0DA900741A9F /* AppDelegate.swift in Sources */,
				ADDF8970286F0DA900741A9F /* SceneDelegate.swift in Sources */,
			);
			runOnlyForDeploymentPostprocessing = 0;
		};
/* End PBXSourcesBuildPhase section */

/* Begin PBXVariantGroup section */
		ADDF8973286F0DA900741A9F /* Main.storyboard */ = {
			isa = PBXVariantGroup;
			children = (
				ADDF8974286F0DA900741A9F /* Base */,
			);
			name = Main.storyboard;
			sourceTree = "<group>";
		};
		ADDF8978286F0DA900741A9F /* LaunchScreen.storyboard */ = {
			isa = PBXVariantGroup;
			children = (
				ADDF8979286F0DA900741A9F /* Base */,
			);
			name = LaunchScreen.storyboard;
			sourceTree = "<group>";
		};
/* End PBXVariantGroup section */

/* Begin XCBuildConfiguration section */
		ADDF897C286F0DA900741A9F /* Debug */ = {
			isa = XCBuildConfiguration;
			buildSettings = {
				ALWAYS_SEARCH_USER_PATHS = NO;
				CLANG_ANALYZER_NONNULL = YES;
				CLANG_ANALYZER_NUMBER_OBJECT_CONVERSION = YES_AGGRESSIVE;
				CLANG_CXX_LANGUAGE_STANDARD = "gnu++17";
				CLANG_ENABLE_MODULES = YES;
				CLANG_ENABLE_OBJC_ARC = YES;
				CLANG_ENABLE_OBJC_WEAK = YES;
				CLANG_WARN_BLOCK_CAPTURE_AUTORELEASING = YES;
				CLANG_WARN_BOOL_CONVERSION = YES;
				CLANG_WARN_COMMA = YES;
				CLANG_WARN_CONSTANT_CONVERSION = YES;
				CLANG_WARN_DEPRECATED_OBJC_IMPLEMENTATIONS = YES;
				CLANG_WARN_DIRECT_OBJC_ISA_USAGE = YES_ERROR;
				CLANG_WARN_DOCUMENTATION_COMMENTS = YES;
				CLANG_WARN_EMPTY_BODY = YES;
				CLANG_WARN_ENUM_CONVERSION = YES;
				CLANG_WARN_INFINITE_RECURSION = YES;
				CLANG_WARN_INT_CONVERSION = YES;
				CLANG_WARN_NON_LITERAL_NULL_CONVERSION = YES;
				CLANG_WARN_OBJC_IMPLICIT_RETAIN_SELF = YES;
				CLANG_WARN_OBJC_LITERAL_CONVERSION = YES;
				CLANG_WARN_OBJC_ROOT_CLASS = YES_ERROR;
				CLANG_WARN_QUOTED_INCLUDE_IN_FRAMEWORK_HEADER = YES;
				CLANG_WARN_RANGE_LOOP_ANALYSIS = YES;
				CLANG_WARN_STRICT_PROTOTYPES = YES;
				CLANG_WARN_SUSPICIOUS_MOVE = YES;
				CLANG_WARN_UNGUARDED_AVAILABILITY = YES_AGGRESSIVE;
				CLANG_WARN_UNREACHABLE_CODE = YES;
				CLANG_WARN__DUPLICATE_METHOD_MATCH = YES;
				COPY_PHASE_STRIP = NO;
				DEBUG_INFORMATION_FORMAT = dwarf;
				ENABLE_STRICT_OBJC_MSGSEND = YES;
				ENABLE_TESTABILITY = YES;
				GCC_C_LANGUAGE_STANDARD = gnu11;
				GCC_DYNAMIC_NO_PIC = NO;
				GCC_NO_COMMON_BLOCKS = YES;
				GCC_OPTIMIZATION_LEVEL = 0;
				GCC_PREPROCESSOR_DEFINITIONS = (
					"DEBUG=1",
					"$(inherited)",
				);
				GCC_WARN_64_TO_32_BIT_CONVERSION = YES;
				GCC_WARN_ABOUT_RETURN_TYPE = YES_ERROR;
				GCC_WARN_UNDECLARED_SELECTOR = YES;
				GCC_WARN_UNINITIALIZED_AUTOS = YES_AGGRESSIVE;
				GCC_WARN_UNUSED_FUNCTION = YES;
				GCC_WARN_UNUSED_VARIABLE = YES;
				IPHONEOS_DEPLOYMENT_TARGET = 15.5;
				MTL_ENABLE_DEBUG_INFO = INCLUDE_SOURCE;
				MTL_FAST_MATH = YES;
				ONLY_ACTIVE_ARCH = YES;
				SDKROOT = iphoneos;
				SWIFT_ACTIVE_COMPILATION_CONDITIONS = DEBUG;
				SWIFT_OPTIMIZATION_LEVEL = "-Onone";
			};
			name = Debug;
		};
		ADDF897D286F0DA900741A9F /* Release */ = {
			isa = XCBuildConfiguration;
			buildSettings = {
				ALWAYS_SEARCH_USER_PATHS = NO;
				CLANG_ANALYZER_NONNULL = YES;
				CLANG_ANALYZER_NUMBER_OBJECT_CONVERSION = YES_AGGRESSIVE;
				CLANG_CXX_LANGUAGE_STANDARD = "gnu++17";
				CLANG_ENABLE_MODULES = YES;
				CLANG_ENABLE_OBJC_ARC = YES;
				CLANG_ENABLE_OBJC_WEAK = YES;
				CLANG_WARN_BLOCK_CAPTURE_AUTORELEASING = YES;
				CLANG_WARN_BOOL_CONVERSION = YES;
				CLANG_WARN_COMMA = YES;
				CLANG_WARN_CONSTANT_CONVERSION = YES;
				CLANG_WARN_DEPRECATED_OBJC_IMPLEMENTATIONS = YES;
				CLANG_WARN_DIRECT_OBJC_ISA_USAGE = YES_ERROR;
				CLANG_WARN_DOCUMENTATION_COMMENTS = YES;
				CLANG_WARN_EMPTY_BODY = YES;
				CLANG_WARN_ENUM_CONVERSION = YES;
				CLANG_WARN_INFINITE_RECURSION = YES;
				CLANG_WARN_INT_CONVERSION = YES;
				CLANG_WARN_NON_LITERAL_NULL_CONVERSION = YES;
				CLANG_WARN_OBJC_IMPLICIT_RETAIN_SELF = YES;
				CLANG_WARN_OBJC_LITERAL_CONVERSION = YES;
				CLANG_WARN_OBJC_ROOT_CLASS = YES_ERROR;
				CLANG_WARN_QUOTED_INCLUDE_IN_FRAMEWORK_HEADER = YES;
				CLANG_WARN_RANGE_LOOP_ANALYSIS = YES;
				CLANG_WARN_STRICT_PROTOTYPES = YES;
				CLANG_WARN_SUSPICIOUS_MOVE = YES;
				CLANG_WARN_UNGUARDED_AVAILABILITY = YES_AGGRESSIVE;
				CLANG_WARN_UNREACHABLE_CODE = YES;
				CLANG_WARN__DUPLICATE_METHOD_MATCH = YES;
				COPY_PHASE_STRIP = NO;
				DEBUG_INFORMATION_FORMAT = "dwarf-with-dsym";
				ENABLE_NS_ASSERTIONS = NO;
				ENABLE_STRICT_OBJC_MSGSEND = YES;
				GCC_C_LANGUAGE_STANDARD = gnu11;
				GCC_NO_COMMON_BLOCKS = YES;
				GCC_WARN_64_TO_32_BIT_CONVERSION = YES;
				GCC_WARN_ABOUT_RETURN_TYPE = YES_ERROR;
				GCC_WARN_UNDECLARED_SELECTOR = YES;
				GCC_WARN_UNINITIALIZED_AUTOS = YES_AGGRESSIVE;
				GCC_WARN_UNUSED_FUNCTION = YES;
				GCC_WARN_UNUSED_VARIABLE = YES;
				IPHONEOS_DEPLOYMENT_TARGET = 15.5;
				MTL_ENABLE_DEBUG_INFO = NO;
				MTL_FAST_MATH = YES;
				SDKROOT = iphoneos;
				SWIFT_COMPILATION_MODE = wholemodule;
				SWIFT_OPTIMIZATION_LEVEL = "-O";
				VALIDATE_PRODUCT = YES;
			};
			name = Release;
		};
		ADDF897F286F0DA900741A9F /* Debug */ = {
			isa = XCBuildConfiguration;
			buildSettings = {
				ASSETCATALOG_COMPILER_APPICON_NAME = AppIcon;
				ASSETCATALOG_COMPILER_GLOBAL_ACCENT_COLOR_NAME = AccentColor;
				CODE_SIGN_STYLE = Automatic;
				CURRENT_PROJECT_VERSION = 1;
				GENERATE_INFOPLIST_FILE = YES;
				INFOPLIST_FILE = "Login App/App/Info.plist";
				INFOPLIST_KEY_UIApplicationSupportsIndirectInputEvents = YES;
				INFOPLIST_KEY_UILaunchStoryboardName = LaunchScreen;
				INFOPLIST_KEY_UIMainStoryboardFile = Main;
				INFOPLIST_KEY_UISupportedInterfaceOrientations = UIInterfaceOrientationPortrait;
				INFOPLIST_KEY_UISupportedInterfaceOrientations_iPad = "UIInterfaceOrientationPortrait UIInterfaceOrientationPortraitUpsideDown UIInterfaceOrientationLandscapeLeft UIInterfaceOrientationLandscapeRight";
				INFOPLIST_KEY_UISupportedInterfaceOrientations_iPhone = "UIInterfaceOrientationPortrait UIInterfaceOrientationLandscapeLeft UIInterfaceOrientationLandscapeRight";
				LD_RUNPATH_SEARCH_PATHS = (
					"$(inherited)",
					"@executable_path/Frameworks",
				);
				MARKETING_VERSION = 1.0;
				PRODUCT_BUNDLE_IDENTIFIER = "igor-popov.Login-App";
				PRODUCT_NAME = "$(TARGET_NAME)";
				SWIFT_EMIT_LOC_STRINGS = YES;
				SWIFT_VERSION = 5.0;
				TARGETED_DEVICE_FAMILY = 1;
			};
			name = Debug;
		};
		ADDF8980286F0DA900741A9F /* Release */ = {
			isa = XCBuildConfiguration;
			buildSettings = {
				ASSETCATALOG_COMPILER_APPICON_NAME = AppIcon;
				ASSETCATALOG_COMPILER_GLOBAL_ACCENT_COLOR_NAME = AccentColor;
				CODE_SIGN_STYLE = Automatic;
				CURRENT_PROJECT_VERSION = 1;
				GENERATE_INFOPLIST_FILE = YES;
				INFOPLIST_FILE = "Login App/App/Info.plist";
				INFOPLIST_KEY_UIApplicationSupportsIndirectInputEvents = YES;
				INFOPLIST_KEY_UILaunchStoryboardName = LaunchScreen;
				INFOPLIST_KEY_UIMainStoryboardFile = Main;
				INFOPLIST_KEY_UISupportedInterfaceOrientations = UIInterfaceOrientationPortrait;
				INFOPLIST_KEY_UISupportedInterfaceOrientations_iPad = "UIInterfaceOrientationPortrait UIInterfaceOrientationPortraitUpsideDown UIInterfaceOrientationLandscapeLeft UIInterfaceOrientationLandscapeRight";
				INFOPLIST_KEY_UISupportedInterfaceOrientations_iPhone = "UIInterfaceOrientationPortrait UIInterfaceOrientationLandscapeLeft UIInterfaceOrientationLandscapeRight";
				LD_RUNPATH_SEARCH_PATHS = (
					"$(inherited)",
					"@executable_path/Frameworks",
				);
				MARKETING_VERSION = 1.0;
				PRODUCT_BUNDLE_IDENTIFIER = "igor-popov.Login-App";
				PRODUCT_NAME = "$(TARGET_NAME)";
				SWIFT_EMIT_LOC_STRINGS = YES;
				SWIFT_VERSION = 5.0;
				TARGETED_DEVICE_FAMILY = 1;
			};
			name = Release;
		};
/* End XCBuildConfiguration section */

/* Begin XCConfigurationList section */
		ADDF8965286F0DA900741A9F /* Build configuration list for PBXProject "Login App" */ = {
			isa = XCConfigurationList;
			buildConfigurations = (
				ADDF897C286F0DA900741A9F /* Debug */,
				ADDF897D286F0DA900741A9F /* Release */,
			);
			defaultConfigurationIsVisible = 0;
			defaultConfigurationName = Release;
		};
		ADDF897E286F0DA900741A9F /* Build configuration list for PBXNativeTarget "Login App" */ = {
			isa = XCConfigurationList;
			buildConfigurations = (
				ADDF897F286F0DA900741A9F /* Debug */,
				ADDF8980286F0DA900741A9F /* Release */,
			);
			defaultConfigurationIsVisible = 0;
			defaultConfigurationName = Release;
		};
/* End XCConfigurationList section */
	};
	rootObject = ADDF8962286F0DA900741A9F /* Project object */;
}
